// !$*UTF8*$!
{
	archiveVersion = 1;
	classes = {
	};
	objectVersion = 46;
	objects = {

/* Begin PBXBuildFile section */
		3A4906AD1DEAF6AD00D56B48 /* TPConstants.swift in Sources */ = {isa = PBXBuildFile; fileRef = 3A4906AC1DEAF6AD00D56B48 /* TPConstants.swift */; };
		3A4906AF1DEAF8E700D56B48 /* tarpaz-logo.jpg in Resources */ = {isa = PBXBuildFile; fileRef = 3A4906AE1DEAF8E700D56B48 /* tarpaz-logo.jpg */; };
		3A4906B11DEB139800D56B48 /* refersh.jpg in Resources */ = {isa = PBXBuildFile; fileRef = 3A4906B01DEB139800D56B48 /* refersh.jpg */; };
		3A8CF35F1DE8E0B900CB9804 /* AppDelegate.swift in Sources */ = {isa = PBXBuildFile; fileRef = 3A8CF35E1DE8E0B900CB9804 /* AppDelegate.swift */; };
		3A8CF3611DE8E0B900CB9804 /* TPWebViewController.swift in Sources */ = {isa = PBXBuildFile; fileRef = 3A8CF3601DE8E0B900CB9804 /* TPWebViewController.swift */; };
		3A8CF3641DE8E0B900CB9804 /* Main.storyboard in Resources */ = {isa = PBXBuildFile; fileRef = 3A8CF3621DE8E0B900CB9804 /* Main.storyboard */; };
		3A8CF3661DE8E0B900CB9804 /* Assets.xcassets in Resources */ = {isa = PBXBuildFile; fileRef = 3A8CF3651DE8E0B900CB9804 /* Assets.xcassets */; };
		3A8CF3691DE8E0B900CB9804 /* LaunchScreen.storyboard in Resources */ = {isa = PBXBuildFile; fileRef = 3A8CF3671DE8E0B900CB9804 /* LaunchScreen.storyboard */; };
		3A8CF3741DE8E0B900CB9804 /* TARPAZ_DEMOTests.swift in Sources */ = {isa = PBXBuildFile; fileRef = 3A8CF3731DE8E0B900CB9804 /* TARPAZ_DEMOTests.swift */; };
		3A8CF37F1DE8E0B900CB9804 /* TARPAZ_DEMOUITests.swift in Sources */ = {isa = PBXBuildFile; fileRef = 3A8CF37E1DE8E0B900CB9804 /* TARPAZ_DEMOUITests.swift */; };
/* End PBXBuildFile section */

/* Begin PBXContainerItemProxy section */
		3A8CF3701DE8E0B900CB9804 /* PBXContainerItemProxy */ = {
			isa = PBXContainerItemProxy;
			containerPortal = 3A8CF3531DE8E0B900CB9804 /* Project object */;
			proxyType = 1;
			remoteGlobalIDString = 3A8CF35A1DE8E0B900CB9804;
			remoteInfo = "TARPAZ DEMO";
		};
		3A8CF37B1DE8E0B900CB9804 /* PBXContainerItemProxy */ = {
			isa = PBXContainerItemProxy;
			containerPortal = 3A8CF3531DE8E0B900CB9804 /* Project object */;
			proxyType = 1;
			remoteGlobalIDString = 3A8CF35A1DE8E0B900CB9804;
			remoteInfo = "TARPAZ DEMO";
		};
/* End PBXContainerItemProxy section */

/* Begin PBXFileReference section */
		3A4906AC1DEAF6AD00D56B48 /* TPConstants.swift */ = {isa = PBXFileReference; fileEncoding = 4; lastKnownFileType = sourcecode.swift; path = TPConstants.swift; sourceTree = "<group>"; };
		3A4906AE1DEAF8E700D56B48 /* tarpaz-logo.jpg */ = {isa = PBXFileReference; lastKnownFileType = image.jpeg; path = "tarpaz-logo.jpg"; sourceTree = "<group>"; };
		3A4906B01DEB139800D56B48 /* refersh.jpg */ = {isa = PBXFileReference; lastKnownFileType = image.jpeg; path = refersh.jpg; sourceTree = "<group>"; };
		3A8C8C6E1DE9AB9D001F9231 /* TARPAZ DEMO.entitlements */ = {isa = PBXFileReference; lastKnownFileType = text.plist.entitlements; path = "TARPAZ DEMO.entitlements"; sourceTree = "<group>"; };
		3A8CF35B1DE8E0B900CB9804 /* TARPAZ DEMO.app */ = {isa = PBXFileReference; explicitFileType = wrapper.application; includeInIndex = 0; path = "TARPAZ DEMO.app"; sourceTree = BUILT_PRODUCTS_DIR; };
		3A8CF35E1DE8E0B900CB9804 /* AppDelegate.swift */ = {isa = PBXFileReference; lastKnownFileType = sourcecode.swift; path = AppDelegate.swift; sourceTree = "<group>"; };
		3A8CF3601DE8E0B900CB9804 /* TPWebViewController.swift */ = {isa = PBXFileReference; lastKnownFileType = sourcecode.swift; path = TPWebViewController.swift; sourceTree = "<group>"; };
		3A8CF3631DE8E0B900CB9804 /* Base */ = {isa = PBXFileReference; lastKnownFileType = file.storyboard; name = Base; path = Base.lproj/Main.storyboard; sourceTree = "<group>"; };
		3A8CF3651DE8E0B900CB9804 /* Assets.xcassets */ = {isa = PBXFileReference; lastKnownFileType = folder.assetcatalog; path = Assets.xcassets; sourceTree = "<group>"; };
		3A8CF3681DE8E0B900CB9804 /* Base */ = {isa = PBXFileReference; lastKnownFileType = file.storyboard; name = Base; path = Base.lproj/LaunchScreen.storyboard; sourceTree = "<group>"; };
		3A8CF36A1DE8E0B900CB9804 /* Info.plist */ = {isa = PBXFileReference; lastKnownFileType = text.plist.xml; path = Info.plist; sourceTree = "<group>"; };
		3A8CF36F1DE8E0B900CB9804 /* TARPAZ DEMOTests.xctest */ = {isa = PBXFileReference; explicitFileType = wrapper.cfbundle; includeInIndex = 0; path = "TARPAZ DEMOTests.xctest"; sourceTree = BUILT_PRODUCTS_DIR; };
		3A8CF3731DE8E0B900CB9804 /* TARPAZ_DEMOTests.swift */ = {isa = PBXFileReference; lastKnownFileType = sourcecode.swift; path = TARPAZ_DEMOTests.swift; sourceTree = "<group>"; };
		3A8CF3751DE8E0B900CB9804 /* Info.plist */ = {isa = PBXFileReference; lastKnownFileType = text.plist.xml; path = Info.plist; sourceTree = "<group>"; };
		3A8CF37A1DE8E0B900CB9804 /* TARPAZ DEMOUITests.xctest */ = {isa = PBXFileReference; explicitFileType = wrapper.cfbundle; includeInIndex = 0; path = "TARPAZ DEMOUITests.xctest"; sourceTree = BUILT_PRODUCTS_DIR; };
		3A8CF37E1DE8E0B900CB9804 /* TARPAZ_DEMOUITests.swift */ = {isa = PBXFileReference; lastKnownFileType = sourcecode.swift; path = TARPAZ_DEMOUITests.swift; sourceTree = "<group>"; };
		3A8CF3801DE8E0B900CB9804 /* Info.plist */ = {isa = PBXFileReference; lastKnownFileType = text.plist.xml; path = Info.plist; sourceTree = "<group>"; };
/* End PBXFileReference section */

/* Begin PBXFrameworksBuildPhase section */
		3A8CF3581DE8E0B900CB9804 /* Frameworks */ = {
			isa = PBXFrameworksBuildPhase;
			buildActionMask = 2147483647;
			files = (
			);
			runOnlyForDeploymentPostprocessing = 0;
		};
		3A8CF36C1DE8E0B900CB9804 /* Frameworks */ = {
			isa = PBXFrameworksBuildPhase;
			buildActionMask = 2147483647;
			files = (
			);
			runOnlyForDeploymentPostprocessing = 0;
		};
		3A8CF3771DE8E0B900CB9804 /* Frameworks */ = {
			isa = PBXFrameworksBuildPhase;
			buildActionMask = 2147483647;
			files = (
			);
			runOnlyForDeploymentPostprocessing = 0;
		};
/* End PBXFrameworksBuildPhase section */

/* Begin PBXGroup section */
		3A4906AB1DEAF68F00D56B48 /* Model */ = {
			isa = PBXGroup;
			children = (
				3A4906AC1DEAF6AD00D56B48 /* TPConstants.swift */,
			);
			name = Model;
			sourceTree = "<group>";
		};
		3A4906B21DEB139E00D56B48 /* Images */ = {
			isa = PBXGroup;
			children = (
				3A4906AE1DEAF8E700D56B48 /* tarpaz-logo.jpg */,
				3A4906B01DEB139800D56B48 /* refersh.jpg */,
			);
			name = Images;
			sourceTree = "<group>";
		};
		3A8CF3521DE8E0B900CB9804 = {
			isa = PBXGroup;
			children = (
				3A8CF35D1DE8E0B900CB9804 /* TARPAZ DEMO */,
				3A8CF3721DE8E0B900CB9804 /* TARPAZ DEMOTests */,
				3A8CF37D1DE8E0B900CB9804 /* TARPAZ DEMOUITests */,
				3A8CF35C1DE8E0B900CB9804 /* Products */,
			);
			sourceTree = "<group>";
		};
		3A8CF35C1DE8E0B900CB9804 /* Products */ = {
			isa = PBXGroup;
			children = (
				3A8CF35B1DE8E0B900CB9804 /* TARPAZ DEMO.app */,
				3A8CF36F1DE8E0B900CB9804 /* TARPAZ DEMOTests.xctest */,
				3A8CF37A1DE8E0B900CB9804 /* TARPAZ DEMOUITests.xctest */,
			);
			name = Products;
			sourceTree = "<group>";
		};
		3A8CF35D1DE8E0B900CB9804 /* TARPAZ DEMO */ = {
			isa = PBXGroup;
			children = (
				3A4906B21DEB139E00D56B48 /* Images */,
				3A4906AB1DEAF68F00D56B48 /* Model */,
				3A8C8C6E1DE9AB9D001F9231 /* TARPAZ DEMO.entitlements */,
				3A8CF35E1DE8E0B900CB9804 /* AppDelegate.swift */,
				3A8CF3601DE8E0B900CB9804 /* TPWebViewController.swift */,
				3A8CF3621DE8E0B900CB9804 /* Main.storyboard */,
				3A8CF3651DE8E0B900CB9804 /* Assets.xcassets */,
				3A8CF3671DE8E0B900CB9804 /* LaunchScreen.storyboard */,
				3A8CF36A1DE8E0B900CB9804 /* Info.plist */,
			);
			path = "TARPAZ DEMO";
			sourceTree = "<group>";
		};
		3A8CF3721DE8E0B900CB9804 /* TARPAZ DEMOTests */ = {
			isa = PBXGroup;
			children = (
				3A8CF3731DE8E0B900CB9804 /* TARPAZ_DEMOTests.swift */,
				3A8CF3751DE8E0B900CB9804 /* Info.plist */,
			);
			path = "TARPAZ DEMOTests";
			sourceTree = "<group>";
		};
		3A8CF37D1DE8E0B900CB9804 /* TARPAZ DEMOUITests */ = {
			isa = PBXGroup;
			children = (
				3A8CF37E1DE8E0B900CB9804 /* TARPAZ_DEMOUITests.swift */,
				3A8CF3801DE8E0B900CB9804 /* Info.plist */,
			);
			path = "TARPAZ DEMOUITests";
			sourceTree = "<group>";
		};
/* End PBXGroup section */

/* Begin PBXNativeTarget section */
		3A8CF35A1DE8E0B900CB9804 /* TARPAZ DEMO */ = {
			isa = PBXNativeTarget;
			buildConfigurationList = 3A8CF3831DE8E0B900CB9804 /* Build configuration list for PBXNativeTarget "TARPAZ DEMO" */;
			buildPhases = (
				3A8CF3571DE8E0B900CB9804 /* Sources */,
				3A8CF3581DE8E0B900CB9804 /* Frameworks */,
				3A8CF3591DE8E0B900CB9804 /* Resources */,
			);
			buildRules = (
			);
			dependencies = (
			);
			name = "TARPAZ DEMO";
			productName = "TARPAZ DEMO";
			productReference = 3A8CF35B1DE8E0B900CB9804 /* TARPAZ DEMO.app */;
			productType = "com.apple.product-type.application";
		};
		3A8CF36E1DE8E0B900CB9804 /* TARPAZ DEMOTests */ = {
			isa = PBXNativeTarget;
			buildConfigurationList = 3A8CF3861DE8E0B900CB9804 /* Build configuration list for PBXNativeTarget "TARPAZ DEMOTests" */;
			buildPhases = (
				3A8CF36B1DE8E0B900CB9804 /* Sources */,
				3A8CF36C1DE8E0B900CB9804 /* Frameworks */,
				3A8CF36D1DE8E0B900CB9804 /* Resources */,
			);
			buildRules = (
			);
			dependencies = (
				3A8CF3711DE8E0B900CB9804 /* PBXTargetDependency */,
			);
			name = "TARPAZ DEMOTests";
			productName = "TARPAZ DEMOTests";
			productReference = 3A8CF36F1DE8E0B900CB9804 /* TARPAZ DEMOTests.xctest */;
			productType = "com.apple.product-type.bundle.unit-test";
		};
		3A8CF3791DE8E0B900CB9804 /* TARPAZ DEMOUITests */ = {
			isa = PBXNativeTarget;
			buildConfigurationList = 3A8CF3891DE8E0B900CB9804 /* Build configuration list for PBXNativeTarget "TARPAZ DEMOUITests" */;
			buildPhases = (
				3A8CF3761DE8E0B900CB9804 /* Sources */,
				3A8CF3771DE8E0B900CB9804 /* Frameworks */,
				3A8CF3781DE8E0B900CB9804 /* Resources */,
			);
			buildRules = (
			);
			dependencies = (
				3A8CF37C1DE8E0B900CB9804 /* PBXTargetDependency */,
			);
			name = "TARPAZ DEMOUITests";
			productName = "TARPAZ DEMOUITests";
			productReference = 3A8CF37A1DE8E0B900CB9804 /* TARPAZ DEMOUITests.xctest */;
			productType = "com.apple.product-type.bundle.ui-testing";
		};
/* End PBXNativeTarget section */

/* Begin PBXProject section */
		3A8CF3531DE8E0B900CB9804 /* Project object */ = {
			isa = PBXProject;
			attributes = {
				LastSwiftUpdateCheck = 0810;
				LastUpgradeCheck = 0810;
				ORGANIZATIONNAME = Suri;
				TargetAttributes = {
					3A8CF35A1DE8E0B900CB9804 = {
						CreatedOnToolsVersion = 8.1;
						DevelopmentTeam = WPV7ESEG7B;
						LastSwiftMigration = 0810;
						ProvisioningStyle = Manual;
						SystemCapabilities = {
							com.apple.Push = {
								enabled = 1;
							};
						};
					};
					3A8CF36E1DE8E0B900CB9804 = {
						CreatedOnToolsVersion = 8.1;
						LastSwiftMigration = 0810;
						ProvisioningStyle = Automatic;
						TestTargetID = 3A8CF35A1DE8E0B900CB9804;
					};
					3A8CF3791DE8E0B900CB9804 = {
						CreatedOnToolsVersion = 8.1;
						LastSwiftMigration = 0810;
						ProvisioningStyle = Automatic;
						TestTargetID = 3A8CF35A1DE8E0B900CB9804;
					};
				};
			};
			buildConfigurationList = 3A8CF3561DE8E0B900CB9804 /* Build configuration list for PBXProject "TARPAZ DEMO" */;
			compatibilityVersion = "Xcode 3.2";
			developmentRegion = English;
			hasScannedForEncodings = 0;
			knownRegions = (
				en,
				Base,
			);
			mainGroup = 3A8CF3521DE8E0B900CB9804;
			productRefGroup = 3A8CF35C1DE8E0B900CB9804 /* Products */;
			projectDirPath = "";
			projectRoot = "";
			targets = (
				3A8CF35A1DE8E0B900CB9804 /* TARPAZ DEMO */,
				3A8CF36E1DE8E0B900CB9804 /* TARPAZ DEMOTests */,
				3A8CF3791DE8E0B900CB9804 /* TARPAZ DEMOUITests */,
			);
		};
/* End PBXProject section */

/* Begin PBXResourcesBuildPhase section */
		3A8CF3591DE8E0B900CB9804 /* Resources */ = {
			isa = PBXResourcesBuildPhase;
			buildActionMask = 2147483647;
			files = (
				3A8CF3691DE8E0B900CB9804 /* LaunchScreen.storyboard in Resources */,
				3A8CF3661DE8E0B900CB9804 /* Assets.xcassets in Resources */,
				3A4906AF1DEAF8E700D56B48 /* tarpaz-logo.jpg in Resources */,
				3A4906B11DEB139800D56B48 /* refersh.jpg in Resources */,
				3A8CF3641DE8E0B900CB9804 /* Main.storyboard in Resources */,
			);
			runOnlyForDeploymentPostprocessing = 0;
		};
		3A8CF36D1DE8E0B900CB9804 /* Resources */ = {
			isa = PBXResourcesBuildPhase;
			buildActionMask = 2147483647;
			files = (
			);
			runOnlyForDeploymentPostprocessing = 0;
		};
		3A8CF3781DE8E0B900CB9804 /* Resources */ = {
			isa = PBXResourcesBuildPhase;
			buildActionMask = 2147483647;
			files = (
			);
			runOnlyForDeploymentPostprocessing = 0;
		};
/* End PBXResourcesBuildPhase section */

/* Begin PBXSourcesBuildPhase section */
		3A8CF3571DE8E0B900CB9804 /* Sources */ = {
			isa = PBXSourcesBuildPhase;
			buildActionMask = 2147483647;
			files = (
				3A4906AD1DEAF6AD00D56B48 /* TPConstants.swift in Sources */,
				3A8CF3611DE8E0B900CB9804 /* TPWebViewController.swift in Sources */,
				3A8CF35F1DE8E0B900CB9804 /* AppDelegate.swift in Sources */,
			);
			runOnlyForDeploymentPostprocessing = 0;
		};
		3A8CF36B1DE8E0B900CB9804 /* Sources */ = {
			isa = PBXSourcesBuildPhase;
			buildActionMask = 2147483647;
			files = (
				3A8CF3741DE8E0B900CB9804 /* TARPAZ_DEMOTests.swift in Sources */,
			);
			runOnlyForDeploymentPostprocessing = 0;
		};
		3A8CF3761DE8E0B900CB9804 /* Sources */ = {
			isa = PBXSourcesBuildPhase;
			buildActionMask = 2147483647;
			files = (
				3A8CF37F1DE8E0B900CB9804 /* TARPAZ_DEMOUITests.swift in Sources */,
			);
			runOnlyForDeploymentPostprocessing = 0;
		};
/* End PBXSourcesBuildPhase section */

/* Begin PBXTargetDependency section */
		3A8CF3711DE8E0B900CB9804 /* PBXTargetDependency */ = {
			isa = PBXTargetDependency;
			target = 3A8CF35A1DE8E0B900CB9804 /* TARPAZ DEMO */;
			targetProxy = 3A8CF3701DE8E0B900CB9804 /* PBXContainerItemProxy */;
		};
		3A8CF37C1DE8E0B900CB9804 /* PBXTargetDependency */ = {
			isa = PBXTargetDependency;
			target = 3A8CF35A1DE8E0B900CB9804 /* TARPAZ DEMO */;
			targetProxy = 3A8CF37B1DE8E0B900CB9804 /* PBXContainerItemProxy */;
		};
/* End PBXTargetDependency section */

/* Begin PBXVariantGroup section */
		3A8CF3621DE8E0B900CB9804 /* Main.storyboard */ = {
			isa = PBXVariantGroup;
			children = (
				3A8CF3631DE8E0B900CB9804 /* Base */,
			);
			name = Main.storyboard;
			sourceTree = "<group>";
		};
		3A8CF3671DE8E0B900CB9804 /* LaunchScreen.storyboard */ = {
			isa = PBXVariantGroup;
			children = (
				3A8CF3681DE8E0B900CB9804 /* Base */,
			);
			name = LaunchScreen.storyboard;
			sourceTree = "<group>";
		};
/* End PBXVariantGroup section */

/* Begin XCBuildConfiguration section */
		3A8CF3811DE8E0B900CB9804 /* Debug */ = {
			isa = XCBuildConfiguration;
			buildSettings = {
				ALWAYS_SEARCH_USER_PATHS = NO;
				CLANG_ANALYZER_NONNULL = YES;
				CLANG_CXX_LANGUAGE_STANDARD = "gnu++0x";
				CLANG_CXX_LIBRARY = "libc++";
				CLANG_ENABLE_MODULES = YES;
				CLANG_ENABLE_OBJC_ARC = YES;
				CLANG_WARN_BOOL_CONVERSION = YES;
				CLANG_WARN_CONSTANT_CONVERSION = YES;
				CLANG_WARN_DIRECT_OBJC_ISA_USAGE = YES_ERROR;
				CLANG_WARN_DOCUMENTATION_COMMENTS = YES;
				CLANG_WARN_EMPTY_BODY = YES;
				CLANG_WARN_ENUM_CONVERSION = YES;
				CLANG_WARN_INFINITE_RECURSION = YES;
				CLANG_WARN_INT_CONVERSION = YES;
				CLANG_WARN_OBJC_ROOT_CLASS = YES_ERROR;
				CLANG_WARN_SUSPICIOUS_MOVES = YES;
				CLANG_WARN_UNREACHABLE_CODE = YES;
				CLANG_WARN__DUPLICATE_METHOD_MATCH = YES;
				CODE_SIGN_IDENTITY = "iPhone Developer";
				"CODE_SIGN_IDENTITY[sdk=iphoneos*]" = "iPhone Developer";
				COPY_PHASE_STRIP = NO;
				DEBUG_INFORMATION_FORMAT = dwarf;
				ENABLE_STRICT_OBJC_MSGSEND = YES;
				ENABLE_TESTABILITY = YES;
				GCC_C_LANGUAGE_STANDARD = gnu99;
				GCC_DYNAMIC_NO_PIC = NO;
				GCC_NO_COMMON_BLOCKS = YES;
				GCC_OPTIMIZATION_LEVEL = 0;
				GCC_PREPROCESSOR_DEFINITIONS = (
					"DEBUG=1",
					"$(inherited)",
				);
				GCC_WARN_64_TO_32_BIT_CONVERSION = YES;
				GCC_WARN_ABOUT_RETURN_TYPE = YES_ERROR;
				GCC_WARN_UNDECLARED_SELECTOR = YES;
				GCC_WARN_UNINITIALIZED_AUTOS = YES_AGGRESSIVE;
				GCC_WARN_UNUSED_FUNCTION = YES;
				GCC_WARN_UNUSED_VARIABLE = YES;
				IPHONEOS_DEPLOYMENT_TARGET = 10.0;
				MTL_ENABLE_DEBUG_INFO = YES;
				ONLY_ACTIVE_ARCH = YES;
				SDKROOT = iphoneos;
				SWIFT_ACTIVE_COMPILATION_CONDITIONS = DEBUG;
				SWIFT_OPTIMIZATION_LEVEL = "-Onone";
			};
			name = Debug;
		};
		3A8CF3821DE8E0B900CB9804 /* Release */ = {
			isa = XCBuildConfiguration;
			buildSettings = {
				ALWAYS_SEARCH_USER_PATHS = NO;
				CLANG_ANALYZER_NONNULL = YES;
				CLANG_CXX_LANGUAGE_STANDARD = "gnu++0x";
				CLANG_CXX_LIBRARY = "libc++";
				CLANG_ENABLE_MODULES = YES;
				CLANG_ENABLE_OBJC_ARC = YES;
				CLANG_WARN_BOOL_CONVERSION = YES;
				CLANG_WARN_CONSTANT_CONVERSION = YES;
				CLANG_WARN_DIRECT_OBJC_ISA_USAGE = YES_ERROR;
				CLANG_WARN_DOCUMENTATION_COMMENTS = YES;
				CLANG_WARN_EMPTY_BODY = YES;
				CLANG_WARN_ENUM_CONVERSION = YES;
				CLANG_WARN_INFINITE_RECURSION = YES;
				CLANG_WARN_INT_CONVERSION = YES;
				CLANG_WARN_OBJC_ROOT_CLASS = YES_ERROR;
				CLANG_WARN_SUSPICIOUS_MOVES = YES;
				CLANG_WARN_UNREACHABLE_CODE = YES;
				CLANG_WARN__DUPLICATE_METHOD_MATCH = YES;
				CODE_SIGN_IDENTITY = "iPhone Developer";
				"CODE_SIGN_IDENTITY[sdk=iphoneos*]" = "iPhone Developer";
				COPY_PHASE_STRIP = NO;
				DEBUG_INFORMATION_FORMAT = "dwarf-with-dsym";
				ENABLE_NS_ASSERTIONS = NO;
				ENABLE_STRICT_OBJC_MSGSEND = YES;
				GCC_C_LANGUAGE_STANDARD = gnu99;
				GCC_NO_COMMON_BLOCKS = YES;
				GCC_WARN_64_TO_32_BIT_CONVERSION = YES;
				GCC_WARN_ABOUT_RETURN_TYPE = YES_ERROR;
				GCC_WARN_UNDECLARED_SELECTOR = YES;
				GCC_WARN_UNINITIALIZED_AUTOS = YES_AGGRESSIVE;
				GCC_WARN_UNUSED_FUNCTION = YES;
				GCC_WARN_UNUSED_VARIABLE = YES;
				IPHONEOS_DEPLOYMENT_TARGET = 10.0;
				MTL_ENABLE_DEBUG_INFO = NO;
				SDKROOT = iphoneos;
				SWIFT_OPTIMIZATION_LEVEL = "-Owholemodule";
				VALIDATE_PRODUCT = YES;
			};
			name = Release;
		};
		3A8CF3841DE8E0B900CB9804 /* Debug */ = {
			isa = XCBuildConfiguration;
			buildSettings = {
				ASSETCATALOG_COMPILER_APPICON_NAME = "AppIcon-1";
				CODE_SIGN_ENTITLEMENTS = "TARPAZ DEMO/TARPAZ DEMO.entitlements";
				"CODE_SIGN_IDENTITY[sdk=iphoneos*]" = "iPhone Developer";
				DEVELOPMENT_TEAM = WPV7ESEG7B;
				INFOPLIST_FILE = "TARPAZ DEMO/Info.plist";
				LD_RUNPATH_SEARCH_PATHS = "$(inherited) @executable_path/Frameworks";
				PRODUCT_BUNDLE_IDENTIFIER = com.suri.TARPAZ;
				PRODUCT_NAME = "$(TARGET_NAME)";
				PROVISIONING_PROFILE = "7242dcda-3b51-4951-ac51-eb94ef437fa3";
				PROVISIONING_PROFILE_SPECIFIER = TARPAZ;
				SWIFT_VERSION = 3.0;
			};
			name = Debug;
		};
		3A8CF3851DE8E0B900CB9804 /* Release */ = {
			isa = XCBuildConfiguration;
			buildSettings = {
				ASSETCATALOG_COMPILER_APPICON_NAME = "AppIcon-1";
				CODE_SIGN_ENTITLEMENTS = "TARPAZ DEMO/TARPAZ DEMO.entitlements";
				"CODE_SIGN_IDENTITY[sdk=iphoneos*]" = "iPhone Developer";
				DEVELOPMENT_TEAM = WPV7ESEG7B;
				INFOPLIST_FILE = "TARPAZ DEMO/Info.plist";
				LD_RUNPATH_SEARCH_PATHS = "$(inherited) @executable_path/Frameworks";
				PRODUCT_BUNDLE_IDENTIFIER = com.suri.TARPAZ;
				PRODUCT_NAME = "$(TARGET_NAME)";
				PROVISIONING_PROFILE = "7242dcda-3b51-4951-ac51-eb94ef437fa3";
				PROVISIONING_PROFILE_SPECIFIER = TARPAZ;
				SWIFT_VERSION = 3.0;
			};
			name = Release;
		};
		3A8CF3871DE8E0B900CB9804 /* Debug */ = {
			isa = XCBuildConfiguration;
			buildSettings = {
				ALWAYS_EMBED_SWIFT_STANDARD_LIBRARIES = YES;
				BUNDLE_LOADER = "$(TEST_HOST)";
				INFOPLIST_FILE = "TARPAZ DEMOTests/Info.plist";
				LD_RUNPATH_SEARCH_PATHS = "$(inherited) @executable_path/Frameworks @loader_path/Frameworks";
				PRODUCT_BUNDLE_IDENTIFIER = "com.suri.TARPAZ-DEMOTests";
				PRODUCT_NAME = "$(TARGET_NAME)";
				SWIFT_VERSION = 3.0;
				TEST_HOST = "$(BUILT_PRODUCTS_DIR)/TARPAZ DEMO.app/TARPAZ DEMO";
			};
			name = Debug;
		};
		3A8CF3881DE8E0B900CB9804 /* Release */ = {
			isa = XCBuildConfiguration;
			buildSettings = {
				ALWAYS_EMBED_SWIFT_STANDARD_LIBRARIES = YES;
				BUNDLE_LOADER = "$(TEST_HOST)";
				INFOPLIST_FILE = "TARPAZ DEMOTests/Info.plist";
				LD_RUNPATH_SEARCH_PATHS = "$(inherited) @executable_path/Frameworks @loader_path/Frameworks";
				PRODUCT_BUNDLE_IDENTIFIER = "com.suri.TARPAZ-DEMOTests";
				PRODUCT_NAME = "$(TARGET_NAME)";
				SWIFT_VERSION = 3.0;
				TEST_HOST = "$(BUILT_PRODUCTS_DIR)/TARPAZ DEMO.app/TARPAZ DEMO";
			};
			name = Release;
		};
		3A8CF38A1DE8E0B900CB9804 /* Debug */ = {
			isa = XCBuildConfiguration;
			buildSettings = {
				ALWAYS_EMBED_SWIFT_STANDARD_LIBRARIES = YES;
				INFOPLIST_FILE = "TARPAZ DEMOUITests/Info.plist";
				LD_RUNPATH_SEARCH_PATHS = "$(inherited) @executable_path/Frameworks @loader_path/Frameworks";
				PRODUCT_BUNDLE_IDENTIFIER = "com.suri.TARPAZ-DEMOUITests";
				PRODUCT_NAME = "$(TARGET_NAME)";
				SWIFT_VERSION = 3.0;
				TEST_TARGET_NAME = "TARPAZ DEMO";
			};
			name = Debug;
		};
		3A8CF38B1DE8E0B900CB9804 /* Release */ = {
			isa = XCBuildConfiguration;
			buildSettings = {
				ALWAYS_EMBED_SWIFT_STANDARD_LIBRARIES = YES;
				INFOPLIST_FILE = "TARPAZ DEMOUITests/Info.plist";
				LD_RUNPATH_SEARCH_PATHS = "$(inherited) @executable_path/Frameworks @loader_path/Frameworks";
				PRODUCT_BUNDLE_IDENTIFIER = "com.suri.TARPAZ-DEMOUITests";
				PRODUCT_NAME = "$(TARGET_NAME)";
				SWIFT_VERSION = 3.0;
				TEST_TARGET_NAME = "TARPAZ DEMO";
			};
			name = Release;
		};
/* End XCBuildConfiguration section */

/* Begin XCConfigurationList section */
		3A8CF3561DE8E0B900CB9804 /* Build configuration list for PBXProject "TARPAZ DEMO" */ = {
			isa = XCConfigurationList;
			buildConfigurations = (
				3A8CF3811DE8E0B900CB9804 /* Debug */,
				3A8CF3821DE8E0B900CB9804 /* Release */,
			);
			defaultConfigurationIsVisible = 0;
			defaultConfigurationName = Release;
		};
		3A8CF3831DE8E0B900CB9804 /* Build configuration list for PBXNativeTarget "TARPAZ DEMO" */ = {
			isa = XCConfigurationList;
			buildConfigurations = (
				3A8CF3841DE8E0B900CB9804 /* Debug */,
				3A8CF3851DE8E0B900CB9804 /* Release */,
			);
			defaultConfigurationIsVisible = 0;
			defaultConfigurationName = Release;
		};
		3A8CF3861DE8E0B900CB9804 /* Build configuration list for PBXNativeTarget "TARPAZ DEMOTests" */ = {
			isa = XCConfigurationList;
			buildConfigurations = (
				3A8CF3871DE8E0B900CB9804 /* Debug */,
				3A8CF3881DE8E0B900CB9804 /* Release */,
			);
			defaultConfigurationIsVisible = 0;
			defaultConfigurationName = Release;
		};
		3A8CF3891DE8E0B900CB9804 /* Build configuration list for PBXNativeTarget "TARPAZ DEMOUITests" */ = {
			isa = XCConfigurationList;
			buildConfigurations = (
				3A8CF38A1DE8E0B900CB9804 /* Debug */,
				3A8CF38B1DE8E0B900CB9804 /* Release */,
			);
			defaultConfigurationIsVisible = 0;
			defaultConfigurationName = Release;
		};
/* End XCConfigurationList section */
	};
	rootObject = 3A8CF3531DE8E0B900CB9804 /* Project object */;
}
